
Microsoft Visual Studio Solution File, Format Version 12.00
# Visual Studio Version 17
VisualStudioVersion = 17.11.35222.181
MinimumVisualStudioVersion = 10.0.40219.1
Project("{8BC9CEB8-8B4A-11D0-8D11-00A0C91BC942}") = "unitCalculator", "..\unitCalculator\unitCalculator.vcxproj", "{59081C90-1519-4B59-A87B-61B340C91527}"
EndProject
Project("{8BC9CEB8-8B4A-11D0-8D11-00A0C91BC942}") = "physicsGame", "..\physicsGame\physicsGame.vcxproj", "{318524D5-C339-42A1-9ACF-25AA52758417}"
EndProject
Project("{8BC9CEB8-8B4A-11D0-8D11-00A0C91BC942}") = "wormGame", "..\wormGame\wormGame.vcxproj", "{FA846132-59C3-41C5-993F-AD250FEDB1E1}"
EndProject
Project("{8BC9CEB8-8B4A-11D0-8D11-00A0C91BC942}") = "Spinning Cube", "Spinning Cube\Spinning Cube.vcxproj", "{C569EC37-DE2A-4D42-A12E-2A87FB013A58}"
EndProject
Global
	GlobalSection(SolutionConfigurationPlatforms) = preSolution
		Debug|x64 = Debug|x64
		Debug|x86 = Debug|x86
		Release|x64 = Release|x64
		Release|x86 = Release|x86
	EndGlobalSection
	GlobalSection(ProjectConfigurationPlatforms) = postSolution
		{59081C90-1519-4B59-A87B-61B340C91527}.Debug|x64.ActiveCfg = Debug|x64
		{59081C90-1519-4B59-A87B-61B340C91527}.Debug|x64.Build.0 = Debug|x64
		{59081C90-1519-4B59-A87B-61B340C91527}.Debug|x86.ActiveCfg = Debug|Win32
		{59081C90-1519-4B59-A87B-61B340C91527}.Debug|x86.Build.0 = Debug|Win32
		{59081C90-1519-4B59-A87B-61B340C91527}.Release|x64.ActiveCfg = Release|x64
		{59081C90-1519-4B59-A87B-61B340C91527}.Release|x64.Build.0 = Release|x64
		{59081C90-1519-4B59-A87B-61B340C91527}.Release|x86.ActiveCfg = Release|Win32
		{59081C90-1519-4B59-A87B-61B340C91527}.Release|x86.Build.0 = Release|Win32
		{318524D5-C339-42A1-9ACF-25AA52758417}.Debug|x64.ActiveCfg = Debug|x64
		{318524D5-C339-42A1-9ACF-25AA52758417}.Debug|x64.Build.0 = Debug|x64
		{318524D5-C339-42A1-9ACF-25AA52758417}.Debug|x86.ActiveCfg = Debug|Win32
		{318524D5-C339-42A1-9ACF-25AA52758417}.Debug|x86.Build.0 = Debug|Win32
		{318524D5-C339-42A1-9ACF-25AA52758417}.Release|x64.ActiveCfg = Release|x64
		{318524D5-C339-42A1-9ACF-25AA52758417}.Release|x64.Build.0 = Release|x64
		{318524D5-C339-42A1-9ACF-25AA52758417}.Release|x86.ActiveCfg = Release|Win32
		{318524D5-C339-42A1-9ACF-25AA52758417}.Release|x86.Build.0 = Release|Win32
		{FA846132-59C3-41C5-993F-AD250FEDB1E1}.Debug|x64.ActiveCfg = Debug|x64
		{FA846132-59C3-41C5-993F-AD250FEDB1E1}.Debug|x64.Build.0 = Debug|x64
		{FA846132-59C3-41C5-993F-AD250FEDB1E1}.Debug|x86.ActiveCfg = Debug|Win32
		{FA846132-59C3-41C5-993F-AD250FEDB1E1}.Debug|x86.Build.0 = Debug|Win32
		{FA846132-59C3-41C5-993F-AD250FEDB1E1}.Release|x64.ActiveCfg = Release|x64
		{FA846132-59C3-41C5-993F-AD250FEDB1E1}.Release|x64.Build.0 = Release|x64
		{FA846132-59C3-41C5-993F-AD250FEDB1E1}.Release|x86.ActiveCfg = Release|Win32
		{FA846132-59C3-41C5-993F-AD250FEDB1E1}.Release|x86.Build.0 = Release|Win32
		{C569EC37-DE2A-4D42-A12E-2A87FB013A58}.Debug|x64.ActiveCfg = Debug|x64
		{C569EC37-DE2A-4D42-A12E-2A87FB013A58}.Debug|x64.Build.0 = Debug|x64
		{C569EC37-DE2A-4D42-A12E-2A87FB013A58}.Debug|x86.ActiveCfg = Debug|Win32
		{C569EC37-DE2A-4D42-A12E-2A87FB013A58}.Debug|x86.Build.0 = Debug|Win32
		{C569EC37-DE2A-4D42-A12E-2A87FB013A58}.Release|x64.ActiveCfg = Release|x64
		{C569EC37-DE2A-4D42-A12E-2A87FB013A58}.Release|x64.Build.0 = Release|x64
		{C569EC37-DE2A-4D42-A12E-2A87FB013A58}.Release|x86.ActiveCfg = Release|Win32
		{C569EC37-DE2A-4D42-A12E-2A87FB013A58}.Release|x86.Build.0 = Release|Win32
	EndGlobalSection
	GlobalSection(SolutionProperties) = preSolution
		HideSolutionNode = FALSE
	EndGlobalSection
	GlobalSection(ExtensibilityGlobals) = postSolution
		SolutionGuid = {E22D7DC3-88C8-423A-86D0-960037B56A01}
	EndGlobalSection
EndGlobal
